
Microsoft Visual Studio Solution File, Format Version 12.00
# Visual Studio 15
VisualStudioVersion = 15.0.26730.8
MinimumVisualStudioVersion = 10.0.40219.1
Project("{2150E333-8FDC-42A3-9474-1A3956D46DE8}") = "Source", "Source", "{5E3CD0F6-953D-428F-8F45-993CE99F5BB5}"
EndProject
Project("{2150E333-8FDC-42A3-9474-1A3956D46DE8}") = "Test", "Test", "{C49ED660-EAAF-433B-8443-2E9C0E397F5C}"
EndProject
Project("{8BC9CEB8-8B4A-11D0-8D11-00A0C91BC942}") = "GAMEsource", "GAMEsource\GAMEsource.vcxproj", "{D38E4A90-FD5E-47D6-B993-9C32D5AE0356}"
EndProject
Project("{8BC9CEB8-8B4A-11D0-8D11-00A0C91BC942}") = "GAMEtest", "GAMEtest\GAMEtest.vcxproj", "{15BA8AB4-DA59-44D7-8C22-2EF0E133DAC1}"
EndProject
Global
	GlobalSection(SolutionConfigurationPlatforms) = preSolution
		Debug|x64 = Debug|x64
		Debug|x86 = Debug|x86
		Release|x64 = Release|x64
		Release|x86 = Release|x86
	EndGlobalSection
	GlobalSection(ProjectConfigurationPlatforms) = postSolution
		{D38E4A90-FD5E-47D6-B993-9C32D5AE0356}.Debug|x64.ActiveCfg = Debug|x64
		{D38E4A90-FD5E-47D6-B993-9C32D5AE0356}.Debug|x64.Build.0 = Debug|x64
		{D38E4A90-FD5E-47D6-B993-9C32D5AE0356}.Debug|x86.ActiveCfg = Debug|x64
		{D38E4A90-FD5E-47D6-B993-9C32D5AE0356}.Debug|x86.Build.0 = Debug|x64
		{D38E4A90-FD5E-47D6-B993-9C32D5AE0356}.Release|x64.ActiveCfg = Debug|x64
		{D38E4A90-FD5E-47D6-B993-9C32D5AE0356}.Release|x64.Build.0 = Debug|x64
		{D38E4A90-FD5E-47D6-B993-9C32D5AE0356}.Release|x86.ActiveCfg = Debug|x64
		{D38E4A90-FD5E-47D6-B993-9C32D5AE0356}.Release|x86.Build.0 = Debug|x64
		{15BA8AB4-DA59-44D7-8C22-2EF0E133DAC1}.Debug|x64.ActiveCfg = Debug|x64
		{15BA8AB4-DA59-44D7-8C22-2EF0E133DAC1}.Debug|x86.ActiveCfg = Debug|x64
		{15BA8AB4-DA59-44D7-8C22-2EF0E133DAC1}.Release|x64.ActiveCfg = Debug|x64
		{15BA8AB4-DA59-44D7-8C22-2EF0E133DAC1}.Release|x64.Build.0 = Release|x64
		{15BA8AB4-DA59-44D7-8C22-2EF0E133DAC1}.Release|x86.ActiveCfg = Debug|x64
		{15BA8AB4-DA59-44D7-8C22-2EF0E133DAC1}.Release|x86.Build.0 = Release|Win32
	EndGlobalSection
	GlobalSection(SolutionProperties) = preSolution
		HideSolutionNode = FALSE
	EndGlobalSection
	GlobalSection(NestedProjects) = preSolution
		{D38E4A90-FD5E-47D6-B993-9C32D5AE0356} = {5E3CD0F6-953D-428F-8F45-993CE99F5BB5}
		{15BA8AB4-DA59-44D7-8C22-2EF0E133DAC1} = {C49ED660-EAAF-433B-8443-2E9C0E397F5C}
	EndGlobalSection
	GlobalSection(ExtensibilityGlobals) = postSolution
		SolutionGuid = {87C5CE9C-5E93-4AE3-B070-D26B6DDA6D62}
	EndGlobalSection
EndGlobal
