<?xml version="1.0" encoding="utf-8"?>
<Project ToolsVersion="4.0" xmlns="http://schemas.microsoft.com/developer/msbuild/2003">
  <ItemGroup>
    <Filter Include="Source Files">
      <UniqueIdentifier>{4FC737F1-C7A5-4376-A066-2A32D752A2FF}</UniqueIdentifier>
      <Extensions>cpp;c;cc;cxx;def;odl;idl;hpj;bat;asm;asmx</Extensions>
    </Filter>
    <Filter Include="Header Files">
      <UniqueIdentifier>{93995380-89BD-4b04-88EB-625FBE52EBFB}</UniqueIdentifier>
      <Extensions>h;hh;hpp;hxx;hm;inl;inc;ipp;xsd</Extensions>
    </Filter>
    <Filter Include="Resource Files">
      <UniqueIdentifier>{67DA6AB6-F800-4c08-8B7A-83BB121AAD01}</UniqueIdentifier>
      <Extensions>rc;ico;cur;bmp;dlg;rc2;rct;bin;rgs;gif;jpg;jpeg;jpe;resx;tiff;tif;png;wav;mfcribbon-ms</Extensions>
    </Filter>
  </ItemGroup>
  <ItemGroup>
    <ClInclude Include="pch.h">
      <Filter>Header Files</Filter>
    </ClInclude>
    <ClInclude Include="GameManager.h">
      <Filter>Header Files</Filter>
    </ClInclude>
    <ClInclude Include="UserInputType.h">
      <Filter>Header Files</Filter>
    </ClInclude>
    <ClInclude Include="KeyboardInputManager.h">
      <Filter>Header Files</Filter>
    </ClInclude>
    <ClInclude Include="ComponentFactory.h">
      <Filter>Header Files</Filter>
    </ClInclude>
    <ClInclude Include="IInputManager.h">
      <Filter>Header Files</Filter>
    </ClInclude>
    <ClInclude Include="ILogicManager.h">
      <Filter>Header Files</Filter>
    </ClInclude>
    <ClInclude Include="IOutputManager.h">
      <Filter>Header Files</Filter>
    </ClInclude>
    <ClInclude Include="IStorageManager.h">
      <Filter>Header Files</Filter>
    </ClInclude>
    <ClInclude Include="RandomInputGenerator.h">
      <Filter>Header Files</Filter>
    </ClInclude>
    <ClInclude Include="HardCodedStorageManager.h">
      <Filter>Header Files</Filter>
    </ClInclude>
    <ClInclude Include="StorageData.h">
      <Filter>Header Files</Filter>
    </ClInclude>
    <ClInclude Include="LogicData.h">
      <Filter>Header Files</Filter>
    </ClInclude>
    <ClInclude Include="OutputData.h">
      <Filter>Header Files</Filter>
    </ClInclude>
    <ClInclude Include="GameObject.h">
      <Filter>Header Files</Filter>
    </ClInclude>
  </ItemGroup>
  <ItemGroup>
    <ClCompile Include="pch.cpp">
      <Filter>Source Files</Filter>
    </ClCompile>
    <ClCompile Include="GAMEsource.cpp">
      <Filter>Source Files</Filter>
    </ClCompile>
    <ClCompile Include="GameManager.cpp">
      <Filter>Source Files</Filter>
    </ClCompile>
    <ClCompile Include="KeyboardInputManager.cpp">
      <Filter>Source Files</Filter>
    </ClCompile>
    <ClCompile Include="ComponentFactory.cpp">
      <Filter>Source Files</Filter>
    </ClCompile>
    <ClCompile Include="IInputManager.cpp">
      <Filter>Source Files</Filter>
    </ClCompile>
    <ClCompile Include="ILogicManager.cpp">
      <Filter>Source Files</Filter>
    </ClCompile>
    <ClCompile Include="IOutputManager.cpp">
      <Filter>Source Files</Filter>
    </ClCompile>
    <ClCompile Include="IStorageManager.cpp">
      <Filter>Source Files</Filter>
    </ClCompile>
    <ClCompile Include="RandomInputGenerator.cpp">
      <Filter>Source Files</Filter>
    </ClCompile>
    <ClCompile Include="HardCodedStorageManager.cpp">
      <Filter>Source Files</Filter>
    </ClCompile>
    <ClCompile Include="StorageData.cpp">
      <Filter>Source Files</Filter>
    </ClCompile>
    <ClCompile Include="LogicData.cpp">
      <Filter>Source Files</Filter>
    </ClCompile>
    <ClCompile Include="OutputData.cpp">
      <Filter>Source Files</Filter>
    </ClCompile>
    <ClCompile Include="GameObject.cpp">
      <Filter>Source Files</Filter>
    </ClCompile>
  </ItemGroup>
</Project>