<?xml version="1.0" encoding="utf-8"?>
<Project ToolsVersion="4.0" xmlns="http://schemas.microsoft.com/developer/msbuild/2003">
  <ItemGroup>
    <ClCompile Include="Character.cpp" />
    <ClCompile Include="ComponentFactory.cpp" />
    <ClCompile Include="Enemy.cpp" />
    <ClCompile Include="GameLevel.cpp" />
    <ClCompile Include="GameManager.cpp" />
    <ClCompile Include="GameObject.cpp" />
    <ClCompile Include="GAMEsource.cpp" />
    <ClCompile Include="GameSprite.cpp" />
    <ClCompile Include="GraphicInterface.cpp" />
    <ClCompile Include="HardCodedStorageManager.cpp" />
    <ClCompile Include="IInputManager.cpp" />
    <ClCompile Include="ILogicManager.cpp" />
    <ClCompile Include="IOutputManager.cpp" />
    <ClCompile Include="IStorageManager.cpp" />
    <ClCompile Include="KeyboardInputManager.cpp" />
    <ClCompile Include="LogicData.cpp" />
    <ClCompile Include="OutputData.cpp" />
    <ClCompile Include="pch.cpp" />
    <ClCompile Include="Player.cpp" />
    <ClCompile Include="PowerUp.cpp" />
    <ClCompile Include="RandomInputGenerator.cpp" />
    <ClCompile Include="StorageData.cpp" />
    <ClCompile Include="DataToolkit.cpp" />
  </ItemGroup>
  <ItemGroup>
    <ClInclude Include="Character.h" />
    <ClInclude Include="ComponentFactory.h" />
    <ClInclude Include="DummyClass.h" />
    <ClInclude Include="Enemy.h" />
    <ClInclude Include="GameLevel.h" />
    <ClInclude Include="GameManager.h" />
    <ClInclude Include="GameObject.h" />
    <ClInclude Include="GameSprite.h" />
    <ClInclude Include="GraphicInterface.h" />
    <ClInclude Include="HardCodedStorageManager.h" />
    <ClInclude Include="IInputManager.h" />
    <ClInclude Include="ILogicManager.h" />
    <ClInclude Include="IOutputManager.h" />
    <ClInclude Include="IStorageManager.h" />
    <ClInclude Include="KeyboardInputManager.h" />
    <ClInclude Include="LogicData.h" />
    <ClInclude Include="OutputData.h" />
    <ClInclude Include="pch.h" />
    <ClInclude Include="Player.h" />
    <ClInclude Include="PowerUp.h" />
    <ClInclude Include="RandomInputGenerator.h" />
    <ClInclude Include="StorageData.h" />
    <ClInclude Include="UserInputType.h" />
    <ClInclude Include="DataToolkit.h" />
  </ItemGroup>
</Project>